
Microsoft Visual Studio Solution File, Format Version 12.00
# Visual Studio Version 17
VisualStudioVersion = 17.14.36203.30 d17.14
MinimumVisualStudioVersion = 10.0.40219.1
Project("{FAE04EC0-301F-11D3-BF4B-00C04F79EFBC}") = "LoteriasPr", "LoteriasPr\LoteriasPr.csproj", "{1977D936-22AD-4FEC-8FBF-38CA80D78771}"
EndProject
Global
	GlobalSection(SolutionConfigurationPlatforms) = preSolution
		Debug|Any CPU = Debug|Any CPU
		Release|Any CPU = Release|Any CPU
	EndGlobalSection
	GlobalSection(ProjectConfigurationPlatforms) = postSolution
		{1977D936-22AD-4FEC-8FBF-38CA80D78771}.Debug|Any CPU.ActiveCfg = Debug|Any CPU
		{1977D936-22AD-4FEC-8FBF-38CA80D78771}.Debug|Any CPU.Build.0 = Debug|Any CPU
		{1977D936-22AD-4FEC-8FBF-38CA80D78771}.Release|Any CPU.ActiveCfg = Release|Any CPU
		{1977D936-22AD-4FEC-8FBF-38CA80D78771}.Release|Any CPU.Build.0 = Release|Any CPU
	EndGlobalSection
	GlobalSection(SolutionProperties) = preSolution
		HideSolutionNode = FALSE
	EndGlobalSection
	GlobalSection(ExtensibilityGlobals) = postSolution
		SolutionGuid = {B8604AAA-A258-4CAC-B77E-6CEFE06BC908}
	EndGlobalSection
EndGlobal
